
Microsoft Visual Studio Solution File, Format Version 12.00
# Visual Studio Version 17
VisualStudioVersion = 17.10.35122.118
MinimumVisualStudioVersion = 10.0.40219.1
Project("{FAE04EC0-301F-11D3-BF4B-00C04F79EFBC}") = "SumOfNumbers", "SumOfNumbers.csproj", "{787A0BB1-56C5-4E3C-AFA7-ECBF7AE74DD7}"
EndProject
Global
	GlobalSection(SolutionConfigurationPlatforms) = preSolution
		Debug|Any CPU = Debug|Any CPU
		Release|Any CPU = Release|Any CPU
	EndGlobalSection
	GlobalSection(ProjectConfigurationPlatforms) = postSolution
		{787A0BB1-56C5-4E3C-AFA7-ECBF7AE74DD7}.Debug|Any CPU.ActiveCfg = Debug|Any CPU
		{787A0BB1-56C5-4E3C-AFA7-ECBF7AE74DD7}.Debug|Any CPU.Build.0 = Debug|Any CPU
		{787A0BB1-56C5-4E3C-AFA7-ECBF7AE74DD7}.Release|Any CPU.ActiveCfg = Release|Any CPU
		{787A0BB1-56C5-4E3C-AFA7-ECBF7AE74DD7}.Release|Any CPU.Build.0 = Release|Any CPU
	EndGlobalSection
	GlobalSection(SolutionProperties) = preSolution
		HideSolutionNode = FALSE
	EndGlobalSection
	GlobalSection(ExtensibilityGlobals) = postSolution
		SolutionGuid = {EB46E66C-314E-4E72-A6ED-E5DC42B6DA96}
	EndGlobalSection
EndGlobal
